{
  "requires": true,
  "lockfileVersion": 1,
  "dependencies": {
    "leaflet-draw-measure": {
      "version": "1.1.4",
      "resolved": "https://registry.npmjs.org/leaflet-draw-measure/-/leaflet-draw-measure-1.1.4.tgz",
      "integrity": "sha512-VMpyjEXLyvWgkIzn4tenFWGKvOZdL6Kc0Hp0ctqp1TdpIXvJ01/Lze8Oi9hLBYS/bxwUn22p2CYC4O130Z6otg=="
    },
    "leaflet-measure-path": {
      "version": "1.5.0",
      "resolved": "https://registry.npmjs.org/leaflet-measure-path/-/leaflet-measure-path-1.5.0.tgz",
      "integrity": "sha512-veLRhd+TlJtPDLgCqN0i0SsYPMGCCMNchhDyLhn4TNdiTaWf68iTuXnts5UdiDDmUuVefc6pP9rHm+cKvOx5rQ=="
    }
  }
}
